github.com/hollis-labs/libs/plugin-mcp v0.1.1 h1:213HZTZaWL6KFkQeU3d2HZU9UMI+C0jxixHUtD4JFR0=
github.com/hollis-labs/libs/plugin-mcp v0.1.1/go.mod h1:3x5ZVgHJewzwEpdl1RNFfxXXkq9SKVNL6LJVcpLCGnQ=
github.com/hollis-labs/libs/ui-go v0.1.0 h1:vR7BvLAagpopIB/+QA7JjLPmOuX0QSOyJp/uisV0Mhg=
github.com/hollis-labs/libs/ui-go v0.1.0/go.mod h1:bDgeIvyrJqQNOEnmvNH2Xw2HxLyB3y6xoqgTZxMf7y4=
